// !$*UTF8*$!
{
	archiveVersion = 1;
	classes = {
	};
	objectVersion = 56;
	objects = {

/* Begin PBXBuildFile section */
		1EE7300A2A0EE80000B859E1 /* SvgDisplayScreen.swift in Sources */ = {isa = PBXBuildFile; fileRef = 1EE730092A0EE80000B859E1 /* SvgDisplayScreen.swift */; };
		1EF1A7432A05ACE200C8F2A0 /* GoogleService-Info.plist in Resources */ = {isa = PBXBuildFile; fileRef = 1EF1A7422A05ACE200C8F2A0 /* GoogleService-Info.plist */; };
		1EF1A7462A05AD6900C8F2A0 /* FirebaseAnalyticsSwift in Frameworks */ = {isa = PBXBuildFile; productRef = 1EF1A7452A05AD6900C8F2A0 /* FirebaseAnalyticsSwift */; };
		1EF1A7482A05AD6900C8F2A0 /* FirebaseAuth in Frameworks */ = {isa = PBXBuildFile; productRef = 1EF1A7472A05AD6900C8F2A0 /* FirebaseAuth */; };
		1EF1A74A2A05AD6900C8F2A0 /* FirebaseFirestore in Frameworks */ = {isa = PBXBuildFile; productRef = 1EF1A7492A05AD6900C8F2A0 /* FirebaseFirestore */; };
		1EF1A74C2A05AD6900C8F2A0 /* FirebaseFirestoreCombine-Community in Frameworks */ = {isa = PBXBuildFile; productRef = 1EF1A74B2A05AD6900C8F2A0 /* FirebaseFirestoreCombine-Community */; };
		1EF1A74E2A05AD6900C8F2A0 /* FirebaseFirestoreSwift in Frameworks */ = {isa = PBXBuildFile; productRef = 1EF1A74D2A05AD6900C8F2A0 /* FirebaseFirestoreSwift */; };
		1EF1A7502A05AD6900C8F2A0 /* FirebaseFunctions in Frameworks */ = {isa = PBXBuildFile; productRef = 1EF1A74F2A05AD6900C8F2A0 /* FirebaseFunctions */; };
		1EF1A7522A05AD6900C8F2A0 /* FirebaseFunctionsCombine-Community in Frameworks */ = {isa = PBXBuildFile; productRef = 1EF1A7512A05AD6900C8F2A0 /* FirebaseFunctionsCombine-Community */; };
		1EF1A7542A05AD6900C8F2A0 /* FirebaseStorage in Frameworks */ = {isa = PBXBuildFile; productRef = 1EF1A7532A05AD6900C8F2A0 /* FirebaseStorage */; };
		1EF1A7562A05AD6900C8F2A0 /* FirebaseStorageCombine-Community in Frameworks */ = {isa = PBXBuildFile; productRef = 1EF1A7552A05AD6900C8F2A0 /* FirebaseStorageCombine-Community */; };
		1EF1A7582A05AD7E00C8F2A0 /* Cloud.swift in Sources */ = {isa = PBXBuildFile; fileRef = 1EF1A7572A05AD7E00C8F2A0 /* Cloud.swift */; };
		298615182A0D7D5900B28BAD /* Color+Extension.swift in Sources */ = {isa = PBXBuildFile; fileRef = 298615172A0D7D5900B28BAD /* Color+Extension.swift */; };
		2986151A2A0D7E5200B28BAD /* UIColor+Extension.swift in Sources */ = {isa = PBXBuildFile; fileRef = 298615192A0D7E5200B28BAD /* UIColor+Extension.swift */; };
		298615542A0D898000B28BAD /* FilterPopOverView.swift in Sources */ = {isa = PBXBuildFile; fileRef = 298615532A0D898000B28BAD /* FilterPopOverView.swift */; };
		29976E2C29FEFD8E00DC0802 /* Moush_iOSApp.swift in Sources */ = {isa = PBXBuildFile; fileRef = 29976E2B29FEFD8E00DC0802 /* Moush_iOSApp.swift */; };
		29976E2E29FEFD8E00DC0802 /* ContentView.swift in Sources */ = {isa = PBXBuildFile; fileRef = 29976E2D29FEFD8E00DC0802 /* ContentView.swift */; };
		29976E3029FEFD8F00DC0802 /* Assets.xcassets in Resources */ = {isa = PBXBuildFile; fileRef = 29976E2F29FEFD8F00DC0802 /* Assets.xcassets */; };
		29976E3329FEFD8F00DC0802 /* Preview Assets.xcassets in Resources */ = {isa = PBXBuildFile; fileRef = 29976E3229FEFD8F00DC0802 /* Preview Assets.xcassets */; };
		29C0DF832A0D53700061453C /* HomeScreen.swift in Sources */ = {isa = PBXBuildFile; fileRef = 29C0DF822A0D53700061453C /* HomeScreen.swift */; };
		29C0DF852A0D53B90061453C /* View+Extensions.swift in Sources */ = {isa = PBXBuildFile; fileRef = 29C0DF842A0D53B90061453C /* View+Extensions.swift */; };
		29D2236B2A0D9DF1000FF09E /* ArrowShape.swift in Sources */ = {isa = PBXBuildFile; fileRef = 29D2236A2A0D9DF1000FF09E /* ArrowShape.swift */; };
		29D2236D2A0DAABA000FF09E /* SearchFilters.swift in Sources */ = {isa = PBXBuildFile; fileRef = 29D2236C2A0DAABA000FF09E /* SearchFilters.swift */; };
		29D2236F2A0DB0B8000FF09E /* AppData.swift in Sources */ = {isa = PBXBuildFile; fileRef = 29D2236E2A0DB0B8000FF09E /* AppData.swift */; };
		29D223712A0E2189000FF09E /* SvgCellView.swift in Sources */ = {isa = PBXBuildFile; fileRef = 29D223702A0E2189000FF09E /* SvgCellView.swift */; };
		29D223732A0E219F000FF09E /* MySvg.swift in Sources */ = {isa = PBXBuildFile; fileRef = 29D223722A0E219F000FF09E /* MySvg.swift */; };
/* End PBXBuildFile section */

/* Begin PBXFileReference section */
		1EE730092A0EE80000B859E1 /* SvgDisplayScreen.swift */ = {isa = PBXFileReference; lastKnownFileType = sourcecode.swift; path = SvgDisplayScreen.swift; sourceTree = "<group>"; };
		1EF1A7422A05ACE200C8F2A0 /* GoogleService-Info.plist */ = {isa = PBXFileReference; fileEncoding = 4; lastKnownFileType = text.plist.xml; path = "GoogleService-Info.plist"; sourceTree = "<group>"; };
		1EF1A7572A05AD7E00C8F2A0 /* Cloud.swift */ = {isa = PBXFileReference; lastKnownFileType = sourcecode.swift; path = Cloud.swift; sourceTree = "<group>"; };
		298615172A0D7D5900B28BAD /* Color+Extension.swift */ = {isa = PBXFileReference; lastKnownFileType = sourcecode.swift; path = "Color+Extension.swift"; sourceTree = "<group>"; };
		298615192A0D7E5200B28BAD /* UIColor+Extension.swift */ = {isa = PBXFileReference; lastKnownFileType = sourcecode.swift; path = "UIColor+Extension.swift"; sourceTree = "<group>"; };
		298615532A0D898000B28BAD /* FilterPopOverView.swift */ = {isa = PBXFileReference; fileEncoding = 4; lastKnownFileType = sourcecode.swift; path = FilterPopOverView.swift; sourceTree = "<group>"; };
		29976E2829FEFD8E00DC0802 /* Moush_iOS.app */ = {isa = PBXFileReference; explicitFileType = wrapper.application; includeInIndex = 0; path = Moush_iOS.app; sourceTree = BUILT_PRODUCTS_DIR; };
		29976E2B29FEFD8E00DC0802 /* Moush_iOSApp.swift */ = {isa = PBXFileReference; lastKnownFileType = sourcecode.swift; path = Moush_iOSApp.swift; sourceTree = "<group>"; };
		29976E2D29FEFD8E00DC0802 /* ContentView.swift */ = {isa = PBXFileReference; lastKnownFileType = sourcecode.swift; path = ContentView.swift; sourceTree = "<group>"; };
		29976E2F29FEFD8F00DC0802 /* Assets.xcassets */ = {isa = PBXFileReference; lastKnownFileType = folder.assetcatalog; path = Assets.xcassets; sourceTree = "<group>"; };
		29976E3229FEFD8F00DC0802 /* Preview Assets.xcassets */ = {isa = PBXFileReference; lastKnownFileType = folder.assetcatalog; path = "Preview Assets.xcassets"; sourceTree = "<group>"; };
		29C0DF822A0D53700061453C /* HomeScreen.swift */ = {isa = PBXFileReference; lastKnownFileType = sourcecode.swift; path = HomeScreen.swift; sourceTree = "<group>"; };
		29C0DF842A0D53B90061453C /* View+Extensions.swift */ = {isa = PBXFileReference; lastKnownFileType = sourcecode.swift; path = "View+Extensions.swift"; sourceTree = "<group>"; };
		29D2236A2A0D9DF1000FF09E /* ArrowShape.swift */ = {isa = PBXFileReference; fileEncoding = 4; lastKnownFileType = sourcecode.swift; path = ArrowShape.swift; sourceTree = "<group>"; };
		29D2236C2A0DAABA000FF09E /* SearchFilters.swift */ = {isa = PBXFileReference; lastKnownFileType = sourcecode.swift; path = SearchFilters.swift; sourceTree = "<group>"; };
		29D2236E2A0DB0B8000FF09E /* AppData.swift */ = {isa = PBXFileReference; lastKnownFileType = sourcecode.swift; path = AppData.swift; sourceTree = "<group>"; };
		29D223702A0E2189000FF09E /* SvgCellView.swift */ = {isa = PBXFileReference; lastKnownFileType = sourcecode.swift; path = SvgCellView.swift; sourceTree = "<group>"; };
		29D223722A0E219F000FF09E /* MySvg.swift */ = {isa = PBXFileReference; lastKnownFileType = sourcecode.swift; path = MySvg.swift; sourceTree = "<group>"; };
/* End PBXFileReference section */

/* Begin PBXFrameworksBuildPhase section */
		29976E2529FEFD8E00DC0802 /* Frameworks */ = {
			isa = PBXFrameworksBuildPhase;
			buildActionMask = 2147483647;
			files = (
				1EF1A7522A05AD6900C8F2A0 /* FirebaseFunctionsCombine-Community in Frameworks */,
				1EF1A74E2A05AD6900C8F2A0 /* FirebaseFirestoreSwift in Frameworks */,
				1EF1A7462A05AD6900C8F2A0 /* FirebaseAnalyticsSwift in Frameworks */,
				1EF1A74C2A05AD6900C8F2A0 /* FirebaseFirestoreCombine-Community in Frameworks */,
				1EF1A7502A05AD6900C8F2A0 /* FirebaseFunctions in Frameworks */,
				1EF1A7542A05AD6900C8F2A0 /* FirebaseStorage in Frameworks */,
				1EF1A7482A05AD6900C8F2A0 /* FirebaseAuth in Frameworks */,
				1EF1A7562A05AD6900C8F2A0 /* FirebaseStorageCombine-Community in Frameworks */,
				1EF1A74A2A05AD6900C8F2A0 /* FirebaseFirestore in Frameworks */,
			);
			runOnlyForDeploymentPostprocessing = 0;
		};
/* End PBXFrameworksBuildPhase section */

/* Begin PBXGroup section */
		29976E1F29FEFD8E00DC0802 = {
			isa = PBXGroup;
			children = (
				29976E2A29FEFD8E00DC0802 /* Moush_iOS */,
				29976E2929FEFD8E00DC0802 /* Products */,
			);
			sourceTree = "<group>";
		};
		29976E2929FEFD8E00DC0802 /* Products */ = {
			isa = PBXGroup;
			children = (
				29976E2829FEFD8E00DC0802 /* Moush_iOS.app */,
			);
			name = Products;
			sourceTree = "<group>";
		};
		29976E2A29FEFD8E00DC0802 /* Moush_iOS */ = {
			isa = PBXGroup;
			children = (
				1EF1A7422A05ACE200C8F2A0 /* GoogleService-Info.plist */,
				29976E2B29FEFD8E00DC0802 /* Moush_iOSApp.swift */,
				29976E2D29FEFD8E00DC0802 /* ContentView.swift */,
				29C0DF822A0D53700061453C /* HomeScreen.swift */,
				1EE730092A0EE80000B859E1 /* SvgDisplayScreen.swift */,
				29D223702A0E2189000FF09E /* SvgCellView.swift */,
				29D223722A0E219F000FF09E /* MySvg.swift */,
				29D2236E2A0DB0B8000FF09E /* AppData.swift */,
				298615532A0D898000B28BAD /* FilterPopOverView.swift */,
				29D2236C2A0DAABA000FF09E /* SearchFilters.swift */,
				29D2236A2A0D9DF1000FF09E /* ArrowShape.swift */,
				298615192A0D7E5200B28BAD /* UIColor+Extension.swift */,
				29C0DF842A0D53B90061453C /* View+Extensions.swift */,
				29976E2F29FEFD8F00DC0802 /* Assets.xcassets */,
				29976E3129FEFD8F00DC0802 /* Preview Content */,
				1EF1A7572A05AD7E00C8F2A0 /* Cloud.swift */,
				298615172A0D7D5900B28BAD /* Color+Extension.swift */,
			);
			path = Moush_iOS;
			sourceTree = "<group>";
		};
		29976E3129FEFD8F00DC0802 /* Preview Content */ = {
			isa = PBXGroup;
			children = (
				29976E3229FEFD8F00DC0802 /* Preview Assets.xcassets */,
			);
			path = "Preview Content";
			sourceTree = "<group>";
		};
/* End PBXGroup section */

/* Begin PBXNativeTarget section */
		29976E2729FEFD8E00DC0802 /* Moush_iOS */ = {
			isa = PBXNativeTarget;
			buildConfigurationList = 29976E3629FEFD8F00DC0802 /* Build configuration list for PBXNativeTarget "Moush_iOS" */;
			buildPhases = (
				29976E2429FEFD8E00DC0802 /* Sources */,
				29976E2529FEFD8E00DC0802 /* Frameworks */,
				29976E2629FEFD8E00DC0802 /* Resources */,
			);
			buildRules = (
			);
			dependencies = (
			);
			name = Moush_iOS;
			packageProductDependencies = (
				1EF1A7452A05AD6900C8F2A0 /* FirebaseAnalyticsSwift */,
				1EF1A7472A05AD6900C8F2A0 /* FirebaseAuth */,
				1EF1A7492A05AD6900C8F2A0 /* FirebaseFirestore */,
				1EF1A74B2A05AD6900C8F2A0 /* FirebaseFirestoreCombine-Community */,
				1EF1A74D2A05AD6900C8F2A0 /* FirebaseFirestoreSwift */,
				1EF1A74F2A05AD6900C8F2A0 /* FirebaseFunctions */,
				1EF1A7512A05AD6900C8F2A0 /* FirebaseFunctionsCombine-Community */,
				1EF1A7532A05AD6900C8F2A0 /* FirebaseStorage */,
				1EF1A7552A05AD6900C8F2A0 /* FirebaseStorageCombine-Community */,
			);
			productName = Moush_iOS;
			productReference = 29976E2829FEFD8E00DC0802 /* Moush_iOS.app */;
			productType = "com.apple.product-type.application";
		};
/* End PBXNativeTarget section */

/* Begin PBXProject section */
		29976E2029FEFD8E00DC0802 /* Project object */ = {
			isa = PBXProject;
			attributes = {
				BuildIndependentTargetsInParallel = 1;
				LastSwiftUpdateCheck = 1420;
				LastUpgradeCheck = 1420;
				TargetAttributes = {
					29976E2729FEFD8E00DC0802 = {
						CreatedOnToolsVersion = 14.2;
					};
				};
			};
			buildConfigurationList = 29976E2329FEFD8E00DC0802 /* Build configuration list for PBXProject "Moush_iOS" */;
			compatibilityVersion = "Xcode 14.0";
			developmentRegion = en;
			hasScannedForEncodings = 0;
			knownRegions = (
				en,
				Base,
			);
			mainGroup = 29976E1F29FEFD8E00DC0802;
			packageReferences = (
				1EF1A7442A05AD6900C8F2A0 /* XCRemoteSwiftPackageReference "firebase-ios-sdk" */,
			);
			productRefGroup = 29976E2929FEFD8E00DC0802 /* Products */;
			projectDirPath = "";
			projectRoot = "";
			targets = (
				29976E2729FEFD8E00DC0802 /* Moush_iOS */,
			);
		};
/* End PBXProject section */

/* Begin PBXResourcesBuildPhase section */
		29976E2629FEFD8E00DC0802 /* Resources */ = {
			isa = PBXResourcesBuildPhase;
			buildActionMask = 2147483647;
			files = (
				29976E3329FEFD8F00DC0802 /* Preview Assets.xcassets in Resources */,
				29976E3029FEFD8F00DC0802 /* Assets.xcassets in Resources */,
				1EF1A7432A05ACE200C8F2A0 /* GoogleService-Info.plist in Resources */,
			);
			runOnlyForDeploymentPostprocessing = 0;
		};
/* End PBXResourcesBuildPhase section */

/* Begin PBXSourcesBuildPhase section */
		29976E2429FEFD8E00DC0802 /* Sources */ = {
			isa = PBXSourcesBuildPhase;
			buildActionMask = 2147483647;
			files = (
				2986151A2A0D7E5200B28BAD /* UIColor+Extension.swift in Sources */,
				29C0DF832A0D53700061453C /* HomeScreen.swift in Sources */,
				298615182A0D7D5900B28BAD /* Color+Extension.swift in Sources */,
				29D223732A0E219F000FF09E /* MySvg.swift in Sources */,
				298615542A0D898000B28BAD /* FilterPopOverView.swift in Sources */,
				1EE7300A2A0EE80000B859E1 /* SvgDisplayScreen.swift in Sources */,
				29D2236F2A0DB0B8000FF09E /* AppData.swift in Sources */,
				29976E2E29FEFD8E00DC0802 /* ContentView.swift in Sources */,
				29D2236D2A0DAABA000FF09E /* SearchFilters.swift in Sources */,
				29D223712A0E2189000FF09E /* SvgCellView.swift in Sources */,
				1EF1A7582A05AD7E00C8F2A0 /* Cloud.swift in Sources */,
				29C0DF852A0D53B90061453C /* View+Extensions.swift in Sources */,
				29976E2C29FEFD8E00DC0802 /* Moush_iOSApp.swift in Sources */,
				29D2236B2A0D9DF1000FF09E /* ArrowShape.swift in Sources */,
			);
			runOnlyForDeploymentPostprocessing = 0;
		};
/* End PBXSourcesBuildPhase section */

/* Begin XCBuildConfiguration section */
		29976E3429FEFD8F00DC0802 /* Debug */ = {
			isa = XCBuildConfiguration;
			buildSettings = {
				ALWAYS_SEARCH_USER_PATHS = NO;
				CLANG_ANALYZER_NONNULL = YES;
				CLANG_ANALYZER_NUMBER_OBJECT_CONVERSION = YES_AGGRESSIVE;
				CLANG_CXX_LANGUAGE_STANDARD = "gnu++20";
				CLANG_ENABLE_MODULES = YES;
				CLANG_ENABLE_OBJC_ARC = YES;
				CLANG_ENABLE_OBJC_WEAK = YES;
				CLANG_WARN_BLOCK_CAPTURE_AUTORELEASING = YES;
				CLANG_WARN_BOOL_CONVERSION = YES;
				CLANG_WARN_COMMA = YES;
				CLANG_WARN_CONSTANT_CONVERSION = YES;
				CLANG_WARN_DEPRECATED_OBJC_IMPLEMENTATIONS = YES;
				CLANG_WARN_DIRECT_OBJC_ISA_USAGE = YES_ERROR;
				CLANG_WARN_DOCUMENTATION_COMMENTS = YES;
				CLANG_WARN_EMPTY_BODY = YES;
				CLANG_WARN_ENUM_CONVERSION = YES;
				CLANG_WARN_INFINITE_RECURSION = YES;
				CLANG_WARN_INT_CONVERSION = YES;
				CLANG_WARN_NON_LITERAL_NULL_CONVERSION = YES;
				CLANG_WARN_OBJC_IMPLICIT_RETAIN_SELF = YES;
				CLANG_WARN_OBJC_LITERAL_CONVERSION = YES;
				CLANG_WARN_OBJC_ROOT_CLASS = YES_ERROR;
				CLANG_WARN_QUOTED_INCLUDE_IN_FRAMEWORK_HEADER = YES;
				CLANG_WARN_RANGE_LOOP_ANALYSIS = YES;
				CLANG_WARN_STRICT_PROTOTYPES = YES;
				CLANG_WARN_SUSPICIOUS_MOVE = YES;
				CLANG_WARN_UNGUARDED_AVAILABILITY = YES_AGGRESSIVE;
				CLANG_WARN_UNREACHABLE_CODE = YES;
				CLANG_WARN__DUPLICATE_METHOD_MATCH = YES;
				COPY_PHASE_STRIP = NO;
				DEBUG_INFORMATION_FORMAT = dwarf;
				ENABLE_STRICT_OBJC_MSGSEND = YES;
				ENABLE_TESTABILITY = YES;
				GCC_C_LANGUAGE_STANDARD = gnu11;
				GCC_DYNAMIC_NO_PIC = NO;
				GCC_NO_COMMON_BLOCKS = YES;
				GCC_OPTIMIZATION_LEVEL = 0;
				GCC_PREPROCESSOR_DEFINITIONS = (
					"DEBUG=1",
					"$(inherited)",
				);
				GCC_WARN_64_TO_32_BIT_CONVERSION = YES;
				GCC_WARN_ABOUT_RETURN_TYPE = YES_ERROR;
				GCC_WARN_UNDECLARED_SELECTOR = YES;
				GCC_WARN_UNINITIALIZED_AUTOS = YES_AGGRESSIVE;
				GCC_WARN_UNUSED_FUNCTION = YES;
				GCC_WARN_UNUSED_VARIABLE = YES;
				IPHONEOS_DEPLOYMENT_TARGET = 16.2;
				MTL_ENABLE_DEBUG_INFO = INCLUDE_SOURCE;
				MTL_FAST_MATH = YES;
				ONLY_ACTIVE_ARCH = YES;
				SDKROOT = iphoneos;
				SWIFT_ACTIVE_COMPILATION_CONDITIONS = DEBUG;
				SWIFT_OPTIMIZATION_LEVEL = "-Onone";
			};
			name = Debug;
		};
		29976E3529FEFD8F00DC0802 /* Release */ = {
			isa = XCBuildConfiguration;
			buildSettings = {
				ALWAYS_SEARCH_USER_PATHS = NO;
				CLANG_ANALYZER_NONNULL = YES;
				CLANG_ANALYZER_NUMBER_OBJECT_CONVERSION = YES_AGGRESSIVE;
				CLANG_CXX_LANGUAGE_STANDARD = "gnu++20";
				CLANG_ENABLE_MODULES = YES;
				CLANG_ENABLE_OBJC_ARC = YES;
				CLANG_ENABLE_OBJC_WEAK = YES;
				CLANG_WARN_BLOCK_CAPTURE_AUTORELEASING = YES;
				CLANG_WARN_BOOL_CONVERSION = YES;
				CLANG_WARN_COMMA = YES;
				CLANG_WARN_CONSTANT_CONVERSION = YES;
				CLANG_WARN_DEPRECATED_OBJC_IMPLEMENTATIONS = YES;
				CLANG_WARN_DIRECT_OBJC_ISA_USAGE = YES_ERROR;
				CLANG_WARN_DOCUMENTATION_COMMENTS = YES;
				CLANG_WARN_EMPTY_BODY = YES;
				CLANG_WARN_ENUM_CONVERSION = YES;
				CLANG_WARN_INFINITE_RECURSION = YES;
				CLANG_WARN_INT_CONVERSION = YES;
				CLANG_WARN_NON_LITERAL_NULL_CONVERSION = YES;
				CLANG_WARN_OBJC_IMPLICIT_RETAIN_SELF = YES;
				CLANG_WARN_OBJC_LITERAL_CONVERSION = YES;
				CLANG_WARN_OBJC_ROOT_CLASS = YES_ERROR;
				CLANG_WARN_QUOTED_INCLUDE_IN_FRAMEWORK_HEADER = YES;
				CLANG_WARN_RANGE_LOOP_ANALYSIS = YES;
				CLANG_WARN_STRICT_PROTOTYPES = YES;
				CLANG_WARN_SUSPICIOUS_MOVE = YES;
				CLANG_WARN_UNGUARDED_AVAILABILITY = YES_AGGRESSIVE;
				CLANG_WARN_UNREACHABLE_CODE = YES;
				CLANG_WARN__DUPLICATE_METHOD_MATCH = YES;
				COPY_PHASE_STRIP = NO;
				DEBUG_INFORMATION_FORMAT = "dwarf-with-dsym";
				ENABLE_NS_ASSERTIONS = NO;
				ENABLE_STRICT_OBJC_MSGSEND = YES;
				GCC_C_LANGUAGE_STANDARD = gnu11;
				GCC_NO_COMMON_BLOCKS = YES;
				GCC_WARN_64_TO_32_BIT_CONVERSION = YES;
				GCC_WARN_ABOUT_RETURN_TYPE = YES_ERROR;
				GCC_WARN_UNDECLARED_SELECTOR = YES;
				GCC_WARN_UNINITIALIZED_AUTOS = YES_AGGRESSIVE;
				GCC_WARN_UNUSED_FUNCTION = YES;
				GCC_WARN_UNUSED_VARIABLE = YES;
				IPHONEOS_DEPLOYMENT_TARGET = 16.2;
				MTL_ENABLE_DEBUG_INFO = NO;
				MTL_FAST_MATH = YES;
				SDKROOT = iphoneos;
				SWIFT_COMPILATION_MODE = wholemodule;
				SWIFT_OPTIMIZATION_LEVEL = "-O";
				VALIDATE_PRODUCT = YES;
			};
			name = Release;
		};
		29976E3729FEFD8F00DC0802 /* Debug */ = {
			isa = XCBuildConfiguration;
			buildSettings = {
				ASSETCATALOG_COMPILER_APPICON_NAME = AppIcon;
				ASSETCATALOG_COMPILER_GLOBAL_ACCENT_COLOR_NAME = AccentColor;
				CODE_SIGN_STYLE = Automatic;
				CURRENT_PROJECT_VERSION = 1;
				DEVELOPMENT_ASSET_PATHS = "\"Moush_iOS/Preview Content\"";
				DEVELOPMENT_TEAM = N7C7WD4Q8Z;
				ENABLE_PREVIEWS = YES;
				GENERATE_INFOPLIST_FILE = YES;
				INFOPLIST_KEY_UIApplicationSceneManifest_Generation = YES;
				INFOPLIST_KEY_UIApplicationSupportsIndirectInputEvents = YES;
				INFOPLIST_KEY_UILaunchScreen_Generation = YES;
				INFOPLIST_KEY_UISupportedInterfaceOrientations_iPad = "UIInterfaceOrientationPortrait UIInterfaceOrientationPortraitUpsideDown UIInterfaceOrientationLandscapeLeft UIInterfaceOrientationLandscapeRight";
				INFOPLIST_KEY_UISupportedInterfaceOrientations_iPhone = "UIInterfaceOrientationPortrait UIInterfaceOrientationLandscapeLeft UIInterfaceOrientationLandscapeRight";
				LD_RUNPATH_SEARCH_PATHS = (
					"$(inherited)",
					"@executable_path/Frameworks",
				);
				MARKETING_VERSION = 1.0;
				PRODUCT_BUNDLE_IDENTIFIER = "com.oddinstitute.Moush-iOS";
				PRODUCT_NAME = "$(TARGET_NAME)";
				SWIFT_EMIT_LOC_STRINGS = YES;
				SWIFT_VERSION = 5.0;
				TARGETED_DEVICE_FAMILY = "1,2";
			};
			name = Debug;
		};
		29976E3829FEFD8F00DC0802 /* Release */ = {
			isa = XCBuildConfiguration;
			buildSettings = {
				ASSETCATALOG_COMPILER_APPICON_NAME = AppIcon;
				ASSETCATALOG_COMPILER_GLOBAL_ACCENT_COLOR_NAME = AccentColor;
				CODE_SIGN_STYLE = Automatic;
				CURRENT_PROJECT_VERSION = 1;
				DEVELOPMENT_ASSET_PATHS = "\"Moush_iOS/Preview Content\"";
				DEVELOPMENT_TEAM = N7C7WD4Q8Z;
				ENABLE_PREVIEWS = YES;
				GENERATE_INFOPLIST_FILE = YES;
				INFOPLIST_KEY_UIApplicationSceneManifest_Generation = YES;
				INFOPLIST_KEY_UIApplicationSupportsIndirectInputEvents = YES;
				INFOPLIST_KEY_UILaunchScreen_Generation = YES;
				INFOPLIST_KEY_UISupportedInterfaceOrientations_iPad = "UIInterfaceOrientationPortrait UIInterfaceOrientationPortraitUpsideDown UIInterfaceOrientationLandscapeLeft UIInterfaceOrientationLandscapeRight";
				INFOPLIST_KEY_UISupportedInterfaceOrientations_iPhone = "UIInterfaceOrientationPortrait UIInterfaceOrientationLandscapeLeft UIInterfaceOrientationLandscapeRight";
				LD_RUNPATH_SEARCH_PATHS = (
					"$(inherited)",
					"@executable_path/Frameworks",
				);
				MARKETING_VERSION = 1.0;
				PRODUCT_BUNDLE_IDENTIFIER = "com.oddinstitute.Moush-iOS";
				PRODUCT_NAME = "$(TARGET_NAME)";
				SWIFT_EMIT_LOC_STRINGS = YES;
				SWIFT_VERSION = 5.0;
				TARGETED_DEVICE_FAMILY = "1,2";
			};
			name = Release;
		};
/* End XCBuildConfiguration section */

/* Begin XCConfigurationList section */
		29976E2329FEFD8E00DC0802 /* Build configuration list for PBXProject "Moush_iOS" */ = {
			isa = XCConfigurationList;
			buildConfigurations = (
				29976E3429FEFD8F00DC0802 /* Debug */,
				29976E3529FEFD8F00DC0802 /* Release */,
			);
			defaultConfigurationIsVisible = 0;
			defaultConfigurationName = Release;
		};
		29976E3629FEFD8F00DC0802 /* Build configuration list for PBXNativeTarget "Moush_iOS" */ = {
			isa = XCConfigurationList;
			buildConfigurations = (
				29976E3729FEFD8F00DC0802 /* Debug */,
				29976E3829FEFD8F00DC0802 /* Release */,
			);
			defaultConfigurationIsVisible = 0;
			defaultConfigurationName = Release;
		};
/* End XCConfigurationList section */

/* Begin XCRemoteSwiftPackageReference section */
		1EF1A7442A05AD6900C8F2A0 /* XCRemoteSwiftPackageReference "firebase-ios-sdk" */ = {
			isa = XCRemoteSwiftPackageReference;
			repositoryURL = "https://github.com/firebase/firebase-ios-sdk";
			requirement = {
				branch = master;
				kind = branch;
			};
		};
/* End XCRemoteSwiftPackageReference section */

/* Begin XCSwiftPackageProductDependency section */
		1EF1A7452A05AD6900C8F2A0 /* FirebaseAnalyticsSwift */ = {
			isa = XCSwiftPackageProductDependency;
			package = 1EF1A7442A05AD6900C8F2A0 /* XCRemoteSwiftPackageReference "firebase-ios-sdk" */;
			productName = FirebaseAnalyticsSwift;
		};
		1EF1A7472A05AD6900C8F2A0 /* FirebaseAuth */ = {
			isa = XCSwiftPackageProductDependency;
			package = 1EF1A7442A05AD6900C8F2A0 /* XCRemoteSwiftPackageReference "firebase-ios-sdk" */;
			productName = FirebaseAuth;
		};
		1EF1A7492A05AD6900C8F2A0 /* FirebaseFirestore */ = {
			isa = XCSwiftPackageProductDependency;
			package = 1EF1A7442A05AD6900C8F2A0 /* XCRemoteSwiftPackageReference "firebase-ios-sdk" */;
			productName = FirebaseFirestore;
		};
		1EF1A74B2A05AD6900C8F2A0 /* FirebaseFirestoreCombine-Community */ = {
			isa = XCSwiftPackageProductDependency;
			package = 1EF1A7442A05AD6900C8F2A0 /* XCRemoteSwiftPackageReference "firebase-ios-sdk" */;
			productName = "FirebaseFirestoreCombine-Community";
		};
		1EF1A74D2A05AD6900C8F2A0 /* FirebaseFirestoreSwift */ = {
			isa = XCSwiftPackageProductDependency;
			package = 1EF1A7442A05AD6900C8F2A0 /* XCRemoteSwiftPackageReference "firebase-ios-sdk" */;
			productName = FirebaseFirestoreSwift;
		};
		1EF1A74F2A05AD6900C8F2A0 /* FirebaseFunctions */ = {
			isa = XCSwiftPackageProductDependency;
			package = 1EF1A7442A05AD6900C8F2A0 /* XCRemoteSwiftPackageReference "firebase-ios-sdk" */;
			productName = FirebaseFunctions;
		};
		1EF1A7512A05AD6900C8F2A0 /* FirebaseFunctionsCombine-Community */ = {
			isa = XCSwiftPackageProductDependency;
			package = 1EF1A7442A05AD6900C8F2A0 /* XCRemoteSwiftPackageReference "firebase-ios-sdk" */;
			productName = "FirebaseFunctionsCombine-Community";
		};
		1EF1A7532A05AD6900C8F2A0 /* FirebaseStorage */ = {
			isa = XCSwiftPackageProductDependency;
			package = 1EF1A7442A05AD6900C8F2A0 /* XCRemoteSwiftPackageReference "firebase-ios-sdk" */;
			productName = FirebaseStorage;
		};
		1EF1A7552A05AD6900C8F2A0 /* FirebaseStorageCombine-Community */ = {
			isa = XCSwiftPackageProductDependency;
			package = 1EF1A7442A05AD6900C8F2A0 /* XCRemoteSwiftPackageReference "firebase-ios-sdk" */;
			productName = "FirebaseStorageCombine-Community";
		};
/* End XCSwiftPackageProductDependency section */
	};
	rootObject = 29976E2029FEFD8E00DC0802 /* Project object */;
}
