{
  "pins" : [
    {
      "identity" : "pocketsvg",
      "kind" : "remoteSourceControl",
      "location" : "https://github.com/pocketsvg/PocketSVG.git",
      "state" : {
        "branch" : "master",
        "revision" : "42078d1040cb35b45d9af167ad3aa88d8e69e4f2"
      }
    }
  ],
  "version" : 2
}
